PODS:
  - RxFirebase (0.0.1)

DEPENDENCIES:
  - RxFirebase (from `https://github.com/iKichiemon/RxFirebase`)

EXTERNAL SOURCES:
  RxFirebase:
    :git: https://github.com/iKichiemon/RxFirebase

CHECKOUT OPTIONS:
  RxFirebase:
    :commit: f0bd80a79ad84a38c1b8f094a12aecef44dd254e
    :git: https://github.com/iKichiemon/RxFirebase

SPEC CHECKSUMS:
  RxFirebase: 0dd42ea031d329979f0e920d1612417a1c976e1b

PODFILE CHECKSUM: 65ff94a34e600fc4aaaf7301bb7d5aeb61d79d76

COCOAPODS: 1.3.1
